
Microsoft Visual Studio Solution File, Format Version 12.00
# Visual Studio Version 16
VisualStudioVersion = 16.0.29806.167
MinimumVisualStudioVersion = 10.0.40219.1
Project("{9A19103F-16F7-4668-BE54-9A1E7A4F7556}") = "WebApplication", "WebApplication\WebApplication.csproj", "{BD5E215D-EFBB-4E4A-BEC2-3D4A03AD194A}"
	ProjectSection(ProjectDependencies) = postProject
		{647055C5-580D-40CB-92F3-1C959CE0CAB0} = {647055C5-580D-40CB-92F3-1C959CE0CAB0}
	EndProjectSection
EndProject
Project("{9A19103F-16F7-4668-BE54-9A1E7A4F7556}") = "DAL", "DAL\DAL.csproj", "{647055C5-580D-40CB-92F3-1C959CE0CAB0}"
EndProject
Global
	GlobalSection(SolutionConfigurationPlatforms) = preSolution
		Debug|Any CPU = Debug|Any CPU
		Release|Any CPU = Release|Any CPU
	EndGlobalSection
	GlobalSection(ProjectConfigurationPlatforms) = postSolution
		{BD5E215D-EFBB-4E4A-BEC2-3D4A03AD194A}.Debug|Any CPU.ActiveCfg = Debug|Any CPU
		{BD5E215D-EFBB-4E4A-BEC2-3D4A03AD194A}.Debug|Any CPU.Build.0 = Debug|Any CPU
		{BD5E215D-EFBB-4E4A-BEC2-3D4A03AD194A}.Release|Any CPU.ActiveCfg = Release|Any CPU
		{BD5E215D-EFBB-4E4A-BEC2-3D4A03AD194A}.Release|Any CPU.Build.0 = Release|Any CPU
		{647055C5-580D-40CB-92F3-1C959CE0CAB0}.Debug|Any CPU.ActiveCfg = Debug|Any CPU
		{647055C5-580D-40CB-92F3-1C959CE0CAB0}.Debug|Any CPU.Build.0 = Debug|Any CPU
		{647055C5-580D-40CB-92F3-1C959CE0CAB0}.Release|Any CPU.ActiveCfg = Release|Any CPU
		{647055C5-580D-40CB-92F3-1C959CE0CAB0}.Release|Any CPU.Build.0 = Release|Any CPU
	EndGlobalSection
	GlobalSection(SolutionProperties) = preSolution
		HideSolutionNode = FALSE
	EndGlobalSection
	GlobalSection(ExtensibilityGlobals) = postSolution
		SolutionGuid = {66A56536-4760-4757-A76F-DBBC99AF642B}
	EndGlobalSection
EndGlobal
